
Microsoft Visual Studio Solution File, Format Version 12.00
# Visual Studio Version 17
VisualStudioVersion = 17.14.36203.30
MinimumVisualStudioVersion = 10.0.40219.1
Project("{FAE04EC0-301F-11D3-BF4B-00C04F79EFBC}") = "ExamTaskConsole02", "ExamTaskConsole02.csproj", "{9D927306-9199-4DA6-907B-02FDCDB1D079}"
EndProject
Global
	GlobalSection(SolutionConfigurationPlatforms) = preSolution
		Debug|Any CPU = Debug|Any CPU
		Release|Any CPU = Release|Any CPU
	EndGlobalSection
	GlobalSection(ProjectConfigurationPlatforms) = postSolution
		{9D927306-9199-4DA6-907B-02FDCDB1D079}.Debug|Any CPU.ActiveCfg = Debug|Any CPU
		{9D927306-9199-4DA6-907B-02FDCDB1D079}.Debug|Any CPU.Build.0 = Debug|Any CPU
		{9D927306-9199-4DA6-907B-02FDCDB1D079}.Release|Any CPU.ActiveCfg = Release|Any CPU
		{9D927306-9199-4DA6-907B-02FDCDB1D079}.Release|Any CPU.Build.0 = Release|Any CPU
	EndGlobalSection
	GlobalSection(SolutionProperties) = preSolution
		HideSolutionNode = FALSE
	EndGlobalSection
	GlobalSection(ExtensibilityGlobals) = postSolution
		SolutionGuid = {18B558FB-4C61-4299-AF8D-7D0CD92CC453}
	EndGlobalSection
EndGlobal
